
Microsoft Visual Studio Solution File, Format Version 12.00
# Blend for Visual Studio Version 17
VisualStudioVersion = 17.8.34525.116
MinimumVisualStudioVersion = 10.0.40219.1
Project("{FAE04EC0-301F-11D3-BF4B-00C04F79EFBC}") = "WinDbTesAp", "WinDbTesAp.csproj", "{1C0A0B5C-4F98-4BF9-8318-870A2A5A7CF5}"
EndProject
Global
	GlobalSection(SolutionConfigurationPlatforms) = preSolution
		Debug|Any CPU = Debug|Any CPU
		Release|Any CPU = Release|Any CPU
	EndGlobalSection
	GlobalSection(ProjectConfigurationPlatforms) = postSolution
		{1C0A0B5C-4F98-4BF9-8318-870A2A5A7CF5}.Debug|Any CPU.ActiveCfg = Debug|Any CPU
		{1C0A0B5C-4F98-4BF9-8318-870A2A5A7CF5}.Debug|Any CPU.Build.0 = Debug|Any CPU
		{1C0A0B5C-4F98-4BF9-8318-870A2A5A7CF5}.Release|Any CPU.ActiveCfg = Release|Any CPU
		{1C0A0B5C-4F98-4BF9-8318-870A2A5A7CF5}.Release|Any CPU.Build.0 = Release|Any CPU
	EndGlobalSection
	GlobalSection(SolutionProperties) = preSolution
		HideSolutionNode = FALSE
	EndGlobalSection
	GlobalSection(ExtensibilityGlobals) = postSolution
		SolutionGuid = {0828DE83-2063-4088-80B0-86FA8D97EB21}
	EndGlobalSection
EndGlobal
